// !$*UTF8*$!
{
	archiveVersion = 1;
	classes = {
	};
	objectVersion = 46;
	objects = {

/* Begin PBXBuildFile section */
		51F1B7A400D53DD5A8761755 /* Pods_WritingReader.framework in Frameworks */ = {isa = PBXBuildFile; fileRef = 61FBB920E8929EE0D26180CC /* Pods_WritingReader.framework */; };
		863032169A18745BDDBEBB52 /* Pods_WritingReaderTests.framework in Frameworks */ = {isa = PBXBuildFile; fileRef = 3ECBD9D1874D514A1E4E3F56 /* Pods_WritingReaderTests.framework */; };
		CB1B9B451E9DCEA900B0D974 /* GoogleService-Info.plist in Resources */ = {isa = PBXBuildFile; fileRef = CB1B9B441E9DCEA900B0D974 /* GoogleService-Info.plist */; };
		CB7057AB1F5A008800B8CFEB /* SwiftyJSON.framework in Frameworks */ = {isa = PBXBuildFile; fileRef = CB7057AA1F5A008800B8CFEB /* SwiftyJSON.framework */; };
		CBAB5D9B1F8827BB00F7761E /* HomeScreenViewController.swift in Sources */ = {isa = PBXBuildFile; fileRef = CBAB5D9A1F8827BB00F7761E /* HomeScreenViewController.swift */; };
		CBAB5D9E1F8829F300F7761E /* HomeScreenCollectionViewCell.swift in Sources */ = {isa = PBXBuildFile; fileRef = CBAB5D9C1F8829F300F7761E /* HomeScreenCollectionViewCell.swift */; };
		CBAB5D9F1F8829F300F7761E /* HomeScreenCollectionViewCell.xib in Resources */ = {isa = PBXBuildFile; fileRef = CBAB5D9D1F8829F300F7761E /* HomeScreenCollectionViewCell.xib */; };
		CBACB0FB1EE1050D00F394FB /* UserProfileViewController.swift in Sources */ = {isa = PBXBuildFile; fileRef = CBACB0FA1EE1050D00F394FB /* UserProfileViewController.swift */; };
		CBB348B51EDF9EF200D491A6 /* SignUpViewController.swift in Sources */ = {isa = PBXBuildFile; fileRef = CBB348B41EDF9EF200D491A6 /* SignUpViewController.swift */; };
		CBB680781EA8260D0078A6C9 /* CameraViewController.swift in Sources */ = {isa = PBXBuildFile; fileRef = CBB680771EA8260D0078A6C9 /* CameraViewController.swift */; };
		CBD15DC31F8FFC9800CF6164 /* UIImage+ext.swift in Sources */ = {isa = PBXBuildFile; fileRef = CBD15DC21F8FFC9800CF6164 /* UIImage+ext.swift */; };
		D43D94292696F2FBD57D6775 /* Pods_WritingReaderUITests.framework in Frameworks */ = {isa = PBXBuildFile; fileRef = 74F2A18CC167369EEB62AA89 /* Pods_WritingReaderUITests.framework */; };
		E6D0BC661FAC0BB400783171 /* TextEditViewController.swift in Sources */ = {isa = PBXBuildFile; fileRef = E6D0BC651FAC0BB400783171 /* TextEditViewController.swift */; };
		E6FFAD181E3689B900953EF0 /* AppDelegate.swift in Sources */ = {isa = PBXBuildFile; fileRef = E6FFAD171E3689B900953EF0 /* AppDelegate.swift */; };
		E6FFAD1A1E3689B900953EF0 /* SignInViewController.swift in Sources */ = {isa = PBXBuildFile; fileRef = E6FFAD191E3689B900953EF0 /* SignInViewController.swift */; };
		E6FFAD1D1E3689B900953EF0 /* Main.storyboard in Resources */ = {isa = PBXBuildFile; fileRef = E6FFAD1B1E3689B900953EF0 /* Main.storyboard */; };
		E6FFAD1F1E3689B900953EF0 /* Assets.xcassets in Resources */ = {isa = PBXBuildFile; fileRef = E6FFAD1E1E3689B900953EF0 /* Assets.xcassets */; };
		E6FFAD221E3689B900953EF0 /* LaunchScreen.storyboard in Resources */ = {isa = PBXBuildFile; fileRef = E6FFAD201E3689B900953EF0 /* LaunchScreen.storyboard */; };
		E6FFAD2D1E3689B900953EF0 /* WritingReaderTests.swift in Sources */ = {isa = PBXBuildFile; fileRef = E6FFAD2C1E3689B900953EF0 /* WritingReaderTests.swift */; };
		E6FFAD381E3689B900953EF0 /* WritingReaderUITests.swift in Sources */ = {isa = PBXBuildFile; fileRef = E6FFAD371E3689B900953EF0 /* WritingReaderUITests.swift */; };
/* End PBXBuildFile section */

/* Begin PBXContainerItemProxy section */
		E6FFAD291E3689B900953EF0 /* PBXContainerItemProxy */ = {
			isa = PBXContainerItemProxy;
			containerPortal = E6FFAD0C1E3689B900953EF0 /* Project object */;
			proxyType = 1;
			remoteGlobalIDString = E6FFAD131E3689B900953EF0;
			remoteInfo = WritingReader;
		};
		E6FFAD341E3689B900953EF0 /* PBXContainerItemProxy */ = {
			isa = PBXContainerItemProxy;
			containerPortal = E6FFAD0C1E3689B900953EF0 /* Project object */;
			proxyType = 1;
			remoteGlobalIDString = E6FFAD131E3689B900953EF0;
			remoteInfo = WritingReader;
		};
/* End PBXContainerItemProxy section */

/* Begin PBXFileReference section */
		0DFB327029DA9EF295DE413E /* Pods-WritingReaderUITests.release.xcconfig */ = {isa = PBXFileReference; includeInIndex = 1; lastKnownFileType = text.xcconfig; name = "Pods-WritingReaderUITests.release.xcconfig"; path = "Pods/Target Support Files/Pods-WritingReaderUITests/Pods-WritingReaderUITests.release.xcconfig"; sourceTree = "<group>"; };
		3ECBD9D1874D514A1E4E3F56 /* Pods_WritingReaderTests.framework */ = {isa = PBXFileReference; explicitFileType = wrapper.framework; includeInIndex = 0; path = Pods_WritingReaderTests.framework; sourceTree = BUILT_PRODUCTS_DIR; };
		61FBB920E8929EE0D26180CC /* Pods_WritingReader.framework */ = {isa = PBXFileReference; explicitFileType = wrapper.framework; includeInIndex = 0; path = Pods_WritingReader.framework; sourceTree = BUILT_PRODUCTS_DIR; };
		70DC9924A67F58A9B5710B34 /* Pods-WritingReader.release.xcconfig */ = {isa = PBXFileReference; includeInIndex = 1; lastKnownFileType = text.xcconfig; name = "Pods-WritingReader.release.xcconfig"; path = "Pods/Target Support Files/Pods-WritingReader/Pods-WritingReader.release.xcconfig"; sourceTree = "<group>"; };
		74F2A18CC167369EEB62AA89 /* Pods_WritingReaderUITests.framework */ = {isa = PBXFileReference; explicitFileType = wrapper.framework; includeInIndex = 0; path = Pods_WritingReaderUITests.framework; sourceTree = BUILT_PRODUCTS_DIR; };
		91A1B9ADDF8EB27FF5D0A723 /* Pods-WritingReaderTests.debug.xcconfig */ = {isa = PBXFileReference; includeInIndex = 1; lastKnownFileType = text.xcconfig; name = "Pods-WritingReaderTests.debug.xcconfig"; path = "Pods/Target Support Files/Pods-WritingReaderTests/Pods-WritingReaderTests.debug.xcconfig"; sourceTree = "<group>"; };
		B5D156CFEE7710FC1A05BD4E /* Pods-WritingReader.debug.xcconfig */ = {isa = PBXFileReference; includeInIndex = 1; lastKnownFileType = text.xcconfig; name = "Pods-WritingReader.debug.xcconfig"; path = "Pods/Target Support Files/Pods-WritingReader/Pods-WritingReader.debug.xcconfig"; sourceTree = "<group>"; };
		C741BF088E04625820DBC7DA /* Pods-WritingReaderTests.release.xcconfig */ = {isa = PBXFileReference; includeInIndex = 1; lastKnownFileType = text.xcconfig; name = "Pods-WritingReaderTests.release.xcconfig"; path = "Pods/Target Support Files/Pods-WritingReaderTests/Pods-WritingReaderTests.release.xcconfig"; sourceTree = "<group>"; };
		CB1B9B441E9DCEA900B0D974 /* GoogleService-Info.plist */ = {isa = PBXFileReference; fileEncoding = 4; lastKnownFileType = text.plist.xml; path = "GoogleService-Info.plist"; sourceTree = "<group>"; };
		CB7057AA1F5A008800B8CFEB /* SwiftyJSON.framework */ = {isa = PBXFileReference; lastKnownFileType = wrapper.framework; name = SwiftyJSON.framework; path = "../../../Library/Developer/Xcode/DerivedData/WritingReader-cxtnnjveiyzekmfwvzulwlhjuyxh/Build/Products/Debug-iphonesimulator/SwiftyJSON/SwiftyJSON.framework"; sourceTree = "<group>"; };
		CBAB5D9A1F8827BB00F7761E /* HomeScreenViewController.swift */ = {isa = PBXFileReference; fileEncoding = 4; lastKnownFileType = sourcecode.swift; path = HomeScreenViewController.swift; sourceTree = "<group>"; };
		CBAB5D9C1F8829F300F7761E /* HomeScreenCollectionViewCell.swift */ = {isa = PBXFileReference; fileEncoding = 4; lastKnownFileType = sourcecode.swift; path = HomeScreenCollectionViewCell.swift; sourceTree = "<group>"; };
		CBAB5D9D1F8829F300F7761E /* HomeScreenCollectionViewCell.xib */ = {isa = PBXFileReference; fileEncoding = 4; lastKnownFileType = file.xib; path = HomeScreenCollectionViewCell.xib; sourceTree = "<group>"; };
		CBACB0FA1EE1050D00F394FB /* UserProfileViewController.swift */ = {isa = PBXFileReference; fileEncoding = 4; lastKnownFileType = sourcecode.swift; path = UserProfileViewController.swift; sourceTree = "<group>"; };
		CBB348B41EDF9EF200D491A6 /* SignUpViewController.swift */ = {isa = PBXFileReference; fileEncoding = 4; lastKnownFileType = sourcecode.swift; path = SignUpViewController.swift; sourceTree = "<group>"; };
		CBB680771EA8260D0078A6C9 /* CameraViewController.swift */ = {isa = PBXFileReference; fileEncoding = 4; lastKnownFileType = sourcecode.swift; path = CameraViewController.swift; sourceTree = "<group>"; };
		CBD15DC21F8FFC9800CF6164 /* UIImage+ext.swift */ = {isa = PBXFileReference; fileEncoding = 4; lastKnownFileType = sourcecode.swift; path = "UIImage+ext.swift"; sourceTree = "<group>"; };
		DEAB42E3BA2CA110B6156055 /* Pods-WritingReaderUITests.debug.xcconfig */ = {isa = PBXFileReference; includeInIndex = 1; lastKnownFileType = text.xcconfig; name = "Pods-WritingReaderUITests.debug.xcconfig"; path = "Pods/Target Support Files/Pods-WritingReaderUITests/Pods-WritingReaderUITests.debug.xcconfig"; sourceTree = "<group>"; };
		E6D0BC651FAC0BB400783171 /* TextEditViewController.swift */ = {isa = PBXFileReference; lastKnownFileType = sourcecode.swift; path = TextEditViewController.swift; sourceTree = "<group>"; };
		E6FFAD141E3689B900953EF0 /* WritingReader.app */ = {isa = PBXFileReference; explicitFileType = wrapper.application; includeInIndex = 0; path = WritingReader.app; sourceTree = BUILT_PRODUCTS_DIR; };
		E6FFAD171E3689B900953EF0 /* AppDelegate.swift */ = {isa = PBXFileReference; lastKnownFileType = sourcecode.swift; path = AppDelegate.swift; sourceTree = "<group>"; };
		E6FFAD191E3689B900953EF0 /* SignInViewController.swift */ = {isa = PBXFileReference; lastKnownFileType = sourcecode.swift; path = SignInViewController.swift; sourceTree = "<group>"; };
		E6FFAD1C1E3689B900953EF0 /* Base */ = {isa = PBXFileReference; lastKnownFileType = file.storyboard; name = Base; path = Base.lproj/Main.storyboard; sourceTree = "<group>"; };
		E6FFAD1E1E3689B900953EF0 /* Assets.xcassets */ = {isa = PBXFileReference; lastKnownFileType = folder.assetcatalog; path = Assets.xcassets; sourceTree = "<group>"; };
		E6FFAD211E3689B900953EF0 /* Base */ = {isa = PBXFileReference; lastKnownFileType = file.storyboard; name = Base; path = Base.lproj/LaunchScreen.storyboard; sourceTree = "<group>"; };
		E6FFAD231E3689B900953EF0 /* Info.plist */ = {isa = PBXFileReference; lastKnownFileType = text.plist.xml; path = Info.plist; sourceTree = "<group>"; };
		E6FFAD281E3689B900953EF0 /* WritingReaderTests.xctest */ = {isa = PBXFileReference; explicitFileType = wrapper.cfbundle; includeInIndex = 0; path = WritingReaderTests.xctest; sourceTree = BUILT_PRODUCTS_DIR; };
		E6FFAD2C1E3689B900953EF0 /* WritingReaderTests.swift */ = {isa = PBXFileReference; lastKnownFileType = sourcecode.swift; path = WritingReaderTests.swift; sourceTree = "<group>"; };
		E6FFAD2E1E3689B900953EF0 /* Info.plist */ = {isa = PBXFileReference; lastKnownFileType = text.plist.xml; path = Info.plist; sourceTree = "<group>"; };
		E6FFAD331E3689B900953EF0 /* WritingReaderUITests.xctest */ = {isa = PBXFileReference; explicitFileType = wrapper.cfbundle; includeInIndex = 0; path = WritingReaderUITests.xctest; sourceTree = BUILT_PRODUCTS_DIR; };
		E6FFAD371E3689B900953EF0 /* WritingReaderUITests.swift */ = {isa = PBXFileReference; lastKnownFileType = sourcecode.swift; path = WritingReaderUITests.swift; sourceTree = "<group>"; };
		E6FFAD391E3689B900953EF0 /* Info.plist */ = {isa = PBXFileReference; lastKnownFileType = text.plist.xml; path = Info.plist; sourceTree = "<group>"; };
/* End PBXFileReference section */

/* Begin PBXFrameworksBuildPhase section */
		E6FFAD111E3689B900953EF0 /* Frameworks */ = {
			isa = PBXFrameworksBuildPhase;
			buildActionMask = 2147483647;
			files = (
				CB7057AB1F5A008800B8CFEB /* SwiftyJSON.framework in Frameworks */,
				51F1B7A400D53DD5A8761755 /* Pods_WritingReader.framework in Frameworks */,
			);
			runOnlyForDeploymentPostprocessing = 0;
		};
		E6FFAD251E3689B900953EF0 /* Frameworks */ = {
			isa = PBXFrameworksBuildPhase;
			buildActionMask = 2147483647;
			files = (
				863032169A18745BDDBEBB52 /* Pods_WritingReaderTests.framework in Frameworks */,
			);
			runOnlyForDeploymentPostprocessing = 0;
		};
		E6FFAD301E3689B900953EF0 /* Frameworks */ = {
			isa = PBXFrameworksBuildPhase;
			buildActionMask = 2147483647;
			files = (
				D43D94292696F2FBD57D6775 /* Pods_WritingReaderUITests.framework in Frameworks */,
			);
			runOnlyForDeploymentPostprocessing = 0;
		};
/* End PBXFrameworksBuildPhase section */

/* Begin PBXGroup section */
		11DEE4C6E5F00D32901671F4 /* Pods */ = {
			isa = PBXGroup;
			children = (
				B5D156CFEE7710FC1A05BD4E /* Pods-WritingReader.debug.xcconfig */,
				70DC9924A67F58A9B5710B34 /* Pods-WritingReader.release.xcconfig */,
				91A1B9ADDF8EB27FF5D0A723 /* Pods-WritingReaderTests.debug.xcconfig */,
				C741BF088E04625820DBC7DA /* Pods-WritingReaderTests.release.xcconfig */,
				DEAB42E3BA2CA110B6156055 /* Pods-WritingReaderUITests.debug.xcconfig */,
				0DFB327029DA9EF295DE413E /* Pods-WritingReaderUITests.release.xcconfig */,
			);
			name = Pods;
			sourceTree = "<group>";
		};
		A66616113F0349978C26C271 /* Frameworks */ = {
			isa = PBXGroup;
			children = (
				CB7057AA1F5A008800B8CFEB /* SwiftyJSON.framework */,
				61FBB920E8929EE0D26180CC /* Pods_WritingReader.framework */,
				3ECBD9D1874D514A1E4E3F56 /* Pods_WritingReaderTests.framework */,
				74F2A18CC167369EEB62AA89 /* Pods_WritingReaderUITests.framework */,
			);
			name = Frameworks;
			sourceTree = "<group>";
		};
		CB40D96F1F4E0B4F00E55482 /* Model */ = {
			isa = PBXGroup;
			children = (
			);
			name = Model;
			sourceTree = "<group>";
		};
		CB40D9701F4E0B5400E55482 /* View */ = {
			isa = PBXGroup;
			children = (
				CBAB5D9C1F8829F300F7761E /* HomeScreenCollectionViewCell.swift */,
				CBAB5D9D1F8829F300F7761E /* HomeScreenCollectionViewCell.xib */,
			);
			name = View;
			sourceTree = "<group>";
		};
		CB40D9711F4E0B5900E55482 /* Controller */ = {
			isa = PBXGroup;
			children = (
				CBB348B41EDF9EF200D491A6 /* SignUpViewController.swift */,
				CBACB0FA1EE1050D00F394FB /* UserProfileViewController.swift */,
				E6FFAD191E3689B900953EF0 /* SignInViewController.swift */,
				CBAB5D9A1F8827BB00F7761E /* HomeScreenViewController.swift */,
				E6D0BC651FAC0BB400783171 /* TextEditViewController.swift */,
			);
			name = Controller;
			sourceTree = "<group>";
		};
		CBD15DC11F8FFC8600CF6164 /* Helpers */ = {
			isa = PBXGroup;
			children = (
				CBD15DC21F8FFC9800CF6164 /* UIImage+ext.swift */,
			);
			name = Helpers;
			sourceTree = "<group>";
		};
		E6FFAD0B1E3689B900953EF0 = {
			isa = PBXGroup;
			children = (
				E6FFAD161E3689B900953EF0 /* WritingReader */,
				E6FFAD2B1E3689B900953EF0 /* WritingReaderTests */,
				E6FFAD361E3689B900953EF0 /* WritingReaderUITests */,
				E6FFAD151E3689B900953EF0 /* Products */,
				11DEE4C6E5F00D32901671F4 /* Pods */,
				A66616113F0349978C26C271 /* Frameworks */,
			);
			sourceTree = "<group>";
		};
		E6FFAD151E3689B900953EF0 /* Products */ = {
			isa = PBXGroup;
			children = (
				E6FFAD141E3689B900953EF0 /* WritingReader.app */,
				E6FFAD281E3689B900953EF0 /* WritingReaderTests.xctest */,
				E6FFAD331E3689B900953EF0 /* WritingReaderUITests.xctest */,
			);
			name = Products;
			sourceTree = "<group>";
		};
		E6FFAD161E3689B900953EF0 /* WritingReader */ = {
			isa = PBXGroup;
			children = (
				CBD15DC11F8FFC8600CF6164 /* Helpers */,
				CB40D9711F4E0B5900E55482 /* Controller */,
				CB40D9701F4E0B5400E55482 /* View */,
				CB40D96F1F4E0B4F00E55482 /* Model */,
				E6FFAD171E3689B900953EF0 /* AppDelegate.swift */,
				E6FFAD1B1E3689B900953EF0 /* Main.storyboard */,
				E6FFAD1E1E3689B900953EF0 /* Assets.xcassets */,
				CB1B9B441E9DCEA900B0D974 /* GoogleService-Info.plist */,
				E6FFAD201E3689B900953EF0 /* LaunchScreen.storyboard */,
				E6FFAD231E3689B900953EF0 /* Info.plist */,
				CBB680771EA8260D0078A6C9 /* CameraViewController.swift */,
			);
			path = WritingReader;
			sourceTree = "<group>";
		};
		E6FFAD2B1E3689B900953EF0 /* WritingReaderTests */ = {
			isa = PBXGroup;
			children = (
				E6FFAD2C1E3689B900953EF0 /* WritingReaderTests.swift */,
				E6FFAD2E1E3689B900953EF0 /* Info.plist */,
			);
			path = WritingReaderTests;
			sourceTree = "<group>";
		};
		E6FFAD361E3689B900953EF0 /* WritingReaderUITests */ = {
			isa = PBXGroup;
			children = (
				E6FFAD371E3689B900953EF0 /* WritingReaderUITests.swift */,
				E6FFAD391E3689B900953EF0 /* Info.plist */,
			);
			path = WritingReaderUITests;
			sourceTree = "<group>";
		};
/* End PBXGroup section */

/* Begin PBXNativeTarget section */
		E6FFAD131E3689B900953EF0 /* WritingReader */ = {
			isa = PBXNativeTarget;
			buildConfigurationList = E6FFAD3C1E3689B900953EF0 /* Build configuration list for PBXNativeTarget "WritingReader" */;
			buildPhases = (
				CD3B901DF0B8121C9C636233 /* [CP] Check Pods Manifest.lock */,
				E6FFAD101E3689B900953EF0 /* Sources */,
				E6FFAD111E3689B900953EF0 /* Frameworks */,
				E6FFAD121E3689B900953EF0 /* Resources */,
				09413E7E67C234C7789B8034 /* [CP] Embed Pods Frameworks */,
				263CEB60C15856885E53168D /* [CP] Copy Pods Resources */,
			);
			buildRules = (
			);
			dependencies = (
			);
			name = WritingReader;
			productName = WritingReader;
			productReference = E6FFAD141E3689B900953EF0 /* WritingReader.app */;
			productType = "com.apple.product-type.application";
		};
		E6FFAD271E3689B900953EF0 /* WritingReaderTests */ = {
			isa = PBXNativeTarget;
			buildConfigurationList = E6FFAD3F1E3689B900953EF0 /* Build configuration list for PBXNativeTarget "WritingReaderTests" */;
			buildPhases = (
				B5513857C6835B615967043F /* [CP] Check Pods Manifest.lock */,
				E6FFAD241E3689B900953EF0 /* Sources */,
				E6FFAD251E3689B900953EF0 /* Frameworks */,
				E6FFAD261E3689B900953EF0 /* Resources */,
				61E4A17BB8DE4C24E201DA2E /* [CP] Embed Pods Frameworks */,
				9304AA03D481C757DE993C76 /* [CP] Copy Pods Resources */,
			);
			buildRules = (
			);
			dependencies = (
				E6FFAD2A1E3689B900953EF0 /* PBXTargetDependency */,
			);
			name = WritingReaderTests;
			productName = WritingReaderTests;
			productReference = E6FFAD281E3689B900953EF0 /* WritingReaderTests.xctest */;
			productType = "com.apple.product-type.bundle.unit-test";
		};
		E6FFAD321E3689B900953EF0 /* WritingReaderUITests */ = {
			isa = PBXNativeTarget;
			buildConfigurationList = E6FFAD421E3689B900953EF0 /* Build configuration list for PBXNativeTarget "WritingReaderUITests" */;
			buildPhases = (
				D01A1E01C5D0B6E4BFDA3889 /* [CP] Check Pods Manifest.lock */,
				E6FFAD2F1E3689B900953EF0 /* Sources */,
				E6FFAD301E3689B900953EF0 /* Frameworks */,
				E6FFAD311E3689B900953EF0 /* Resources */,
				6BDC52F240F880504DB64C67 /* [CP] Embed Pods Frameworks */,
				9D76D752FBA4C33E91A56DCB /* [CP] Copy Pods Resources */,
			);
			buildRules = (
			);
			dependencies = (
				E6FFAD351E3689B900953EF0 /* PBXTargetDependency */,
			);
			name = WritingReaderUITests;
			productName = WritingReaderUITests;
			productReference = E6FFAD331E3689B900953EF0 /* WritingReaderUITests.xctest */;
			productType = "com.apple.product-type.bundle.ui-testing";
		};
/* End PBXNativeTarget section */

/* Begin PBXProject section */
		E6FFAD0C1E3689B900953EF0 /* Project object */ = {
			isa = PBXProject;
			attributes = {
				LastSwiftUpdateCheck = 0800;
				LastUpgradeCheck = 0820;
				ORGANIZATIONNAME = "Hezekiah Valdez";
				TargetAttributes = {
					E6FFAD131E3689B900953EF0 = {
						CreatedOnToolsVersion = 8.0;
						DevelopmentTeam = F7VAV7GQ54;
						ProvisioningStyle = Automatic;
					};
					E6FFAD271E3689B900953EF0 = {
						CreatedOnToolsVersion = 8.0;
						DevelopmentTeam = 7BHCDJ55EZ;
						ProvisioningStyle = Automatic;
						TestTargetID = E6FFAD131E3689B900953EF0;
					};
					E6FFAD321E3689B900953EF0 = {
						CreatedOnToolsVersion = 8.0;
						DevelopmentTeam = 7BHCDJ55EZ;
						ProvisioningStyle = Automatic;
						TestTargetID = E6FFAD131E3689B900953EF0;
					};
				};
			};
			buildConfigurationList = E6FFAD0F1E3689B900953EF0 /* Build configuration list for PBXProject "WritingReader" */;
			compatibilityVersion = "Xcode 3.2";
			developmentRegion = English;
			hasScannedForEncodings = 0;
			knownRegions = (
				en,
				Base,
			);
			mainGroup = E6FFAD0B1E3689B900953EF0;
			productRefGroup = E6FFAD151E3689B900953EF0 /* Products */;
			projectDirPath = "";
			projectRoot = "";
			targets = (
				E6FFAD131E3689B900953EF0 /* WritingReader */,
				E6FFAD271E3689B900953EF0 /* WritingReaderTests */,
				E6FFAD321E3689B900953EF0 /* WritingReaderUITests */,
			);
		};
/* End PBXProject section */

/* Begin PBXResourcesBuildPhase section */
		E6FFAD121E3689B900953EF0 /* Resources */ = {
			isa = PBXResourcesBuildPhase;
			buildActionMask = 2147483647;
			files = (
				CBAB5D9F1F8829F300F7761E /* HomeScreenCollectionViewCell.xib in Resources */,
				E6FFAD221E3689B900953EF0 /* LaunchScreen.storyboard in Resources */,
				CB1B9B451E9DCEA900B0D974 /* GoogleService-Info.plist in Resources */,
				E6FFAD1F1E3689B900953EF0 /* Assets.xcassets in Resources */,
				E6FFAD1D1E3689B900953EF0 /* Main.storyboard in Resources */,
			);
			runOnlyForDeploymentPostprocessing = 0;
		};
		E6FFAD261E3689B900953EF0 /* Resources */ = {
			isa = PBXResourcesBuildPhase;
			buildActionMask = 2147483647;
			files = (
			);
			runOnlyForDeploymentPostprocessing = 0;
		};
		E6FFAD311E3689B900953EF0 /* Resources */ = {
			isa = PBXResourcesBuildPhase;
			buildActionMask = 2147483647;
			files = (
			);
			runOnlyForDeploymentPostprocessing = 0;
		};
/* End PBXResourcesBuildPhase section */

/* Begin PBXShellScriptBuildPhase section */
		09413E7E67C234C7789B8034 /* [CP] Embed Pods Frameworks */ = {
			isa = PBXShellScriptBuildPhase;
			buildActionMask = 2147483647;
			files = (
			);
			inputPaths = (
				"${SRCROOT}/Pods/Target Support Files/Pods-WritingReader/Pods-WritingReader-frameworks.sh",
				"${BUILT_PRODUCTS_DIR}/GTMSessionFetcher/GTMSessionFetcher.framework",
				"${BUILT_PRODUCTS_DIR}/GoogleToolboxForMac/GoogleToolboxForMac.framework",
				"${BUILT_PRODUCTS_DIR}/SwiftyJSON/SwiftyJSON.framework",
				"${BUILT_PRODUCTS_DIR}/leveldb-library/leveldb.framework",
				"${BUILT_PRODUCTS_DIR}/nanopb/nanopb.framework",
			);
			name = "[CP] Embed Pods Frameworks";
			outputPaths = (
				"${TARGET_BUILD_DIR}/${FRAMEWORKS_FOLDER_PATH}/GTMSessionFetcher.framework",
				"${TARGET_BUILD_DIR}/${FRAMEWORKS_FOLDER_PATH}/GoogleToolboxForMac.framework",
				"${TARGET_BUILD_DIR}/${FRAMEWORKS_FOLDER_PATH}/SwiftyJSON.framework",
				"${TARGET_BUILD_DIR}/${FRAMEWORKS_FOLDER_PATH}/leveldb.framework",
				"${TARGET_BUILD_DIR}/${FRAMEWORKS_FOLDER_PATH}/nanopb.framework",
			);
			runOnlyForDeploymentPostprocessing = 0;
			shellPath = /bin/sh;
			shellScript = "\"${SRCROOT}/Pods/Target Support Files/Pods-WritingReader/Pods-WritingReader-frameworks.sh\"\n";
			showEnvVarsInLog = 0;
		};
		263CEB60C15856885E53168D /* [CP] Copy Pods Resources */ = {
			isa = PBXShellScriptBuildPhase;
			buildActionMask = 2147483647;
			files = (
			);
			inputPaths = (
			);
			name = "[CP] Copy Pods Resources";
			outputPaths = (
			);
			runOnlyForDeploymentPostprocessing = 0;
			shellPath = /bin/sh;
			shellScript = "\"${SRCROOT}/Pods/Target Support Files/Pods-WritingReader/Pods-WritingReader-resources.sh\"\n";
			showEnvVarsInLog = 0;
		};
		61E4A17BB8DE4C24E201DA2E /* [CP] Embed Pods Frameworks */ = {
			isa = PBXShellScriptBuildPhase;
			buildActionMask = 2147483647;
			files = (
			);
			inputPaths = (
			);
			name = "[CP] Embed Pods Frameworks";
			outputPaths = (
			);
			runOnlyForDeploymentPostprocessing = 0;
			shellPath = /bin/sh;
			shellScript = "\"${SRCROOT}/Pods/Target Support Files/Pods-WritingReaderTests/Pods-WritingReaderTests-frameworks.sh\"\n";
			showEnvVarsInLog = 0;
		};
		6BDC52F240F880504DB64C67 /* [CP] Embed Pods Frameworks */ = {
			isa = PBXShellScriptBuildPhase;
			buildActionMask = 2147483647;
			files = (
			);
			inputPaths = (
			);
			name = "[CP] Embed Pods Frameworks";
			outputPaths = (
			);
			runOnlyForDeploymentPostprocessing = 0;
			shellPath = /bin/sh;
			shellScript = "\"${SRCROOT}/Pods/Target Support Files/Pods-WritingReaderUITests/Pods-WritingReaderUITests-frameworks.sh\"\n";
			showEnvVarsInLog = 0;
		};
		9304AA03D481C757DE993C76 /* [CP] Copy Pods Resources */ = {
			isa = PBXShellScriptBuildPhase;
			buildActionMask = 2147483647;
			files = (
			);
			inputPaths = (
			);
			name = "[CP] Copy Pods Resources";
			outputPaths = (
			);
			runOnlyForDeploymentPostprocessing = 0;
			shellPath = /bin/sh;
			shellScript = "\"${SRCROOT}/Pods/Target Support Files/Pods-WritingReaderTests/Pods-WritingReaderTests-resources.sh\"\n";
			showEnvVarsInLog = 0;
		};
		9D76D752FBA4C33E91A56DCB /* [CP] Copy Pods Resources */ = {
			isa = PBXShellScriptBuildPhase;
			buildActionMask = 2147483647;
			files = (
			);
			inputPaths = (
			);
			name = "[CP] Copy Pods Resources";
			outputPaths = (
			);
			runOnlyForDeploymentPostprocessing = 0;
			shellPath = /bin/sh;
			shellScript = "\"${SRCROOT}/Pods/Target Support Files/Pods-WritingReaderUITests/Pods-WritingReaderUITests-resources.sh\"\n";
			showEnvVarsInLog = 0;
		};
		B5513857C6835B615967043F /* [CP] Check Pods Manifest.lock */ = {
			isa = PBXShellScriptBuildPhase;
			buildActionMask = 2147483647;
			files = (
			);
			inputPaths = (
				"${PODS_PODFILE_DIR_PATH}/Podfile.lock",
				"${PODS_ROOT}/Manifest.lock",
			);
			name = "[CP] Check Pods Manifest.lock";
			outputPaths = (
				"$(DERIVED_FILE_DIR)/Pods-WritingReaderTests-checkManifestLockResult.txt",
			);
			runOnlyForDeploymentPostprocessing = 0;
			shellPath = /bin/sh;
			shellScript = "diff \"${PODS_PODFILE_DIR_PATH}/Podfile.lock\" \"${PODS_ROOT}/Manifest.lock\" > /dev/null\nif [ $? != 0 ] ; then\n    # print error to STDERR\n    echo \"error: The sandbox is not in sync with the Podfile.lock. Run 'pod install' or update your CocoaPods installation.\" >&2\n    exit 1\nfi\n# This output is used by Xcode 'outputs' to avoid re-running this script phase.\necho \"SUCCESS\" > \"${SCRIPT_OUTPUT_FILE_0}\"\n";
			showEnvVarsInLog = 0;
		};
		CD3B901DF0B8121C9C636233 /* [CP] Check Pods Manifest.lock */ = {
			isa = PBXShellScriptBuildPhase;
			buildActionMask = 2147483647;
			files = (
			);
			inputPaths = (
				"${PODS_PODFILE_DIR_PATH}/Podfile.lock",
				"${PODS_ROOT}/Manifest.lock",
			);
			name = "[CP] Check Pods Manifest.lock";
			outputPaths = (
				"$(DERIVED_FILE_DIR)/Pods-WritingReader-checkManifestLockResult.txt",
			);
			runOnlyForDeploymentPostprocessing = 0;
			shellPath = /bin/sh;
			shellScript = "diff \"${PODS_PODFILE_DIR_PATH}/Podfile.lock\" \"${PODS_ROOT}/Manifest.lock\" > /dev/null\nif [ $? != 0 ] ; then\n    # print error to STDERR\n    echo \"error: The sandbox is not in sync with the Podfile.lock. Run 'pod install' or update your CocoaPods installation.\" >&2\n    exit 1\nfi\n# This output is used by Xcode 'outputs' to avoid re-running this script phase.\necho \"SUCCESS\" > \"${SCRIPT_OUTPUT_FILE_0}\"\n";
			showEnvVarsInLog = 0;
		};
		D01A1E01C5D0B6E4BFDA3889 /* [CP] Check Pods Manifest.lock */ = {
			isa = PBXShellScriptBuildPhase;
			buildActionMask = 2147483647;
			files = (
			);
			inputPaths = (
				"${PODS_PODFILE_DIR_PATH}/Podfile.lock",
				"${PODS_ROOT}/Manifest.lock",
			);
			name = "[CP] Check Pods Manifest.lock";
			outputPaths = (
				"$(DERIVED_FILE_DIR)/Pods-WritingReaderUITests-checkManifestLockResult.txt",
			);
			runOnlyForDeploymentPostprocessing = 0;
			shellPath = /bin/sh;
			shellScript = "diff \"${PODS_PODFILE_DIR_PATH}/Podfile.lock\" \"${PODS_ROOT}/Manifest.lock\" > /dev/null\nif [ $? != 0 ] ; then\n    # print error to STDERR\n    echo \"error: The sandbox is not in sync with the Podfile.lock. Run 'pod install' or update your CocoaPods installation.\" >&2\n    exit 1\nfi\n# This output is used by Xcode 'outputs' to avoid re-running this script phase.\necho \"SUCCESS\" > \"${SCRIPT_OUTPUT_FILE_0}\"\n";
			showEnvVarsInLog = 0;
		};
/* End PBXShellScriptBuildPhase section */

/* Begin PBXSourcesBuildPhase section */
		E6FFAD101E3689B900953EF0 /* Sources */ = {
			isa = PBXSourcesBuildPhase;
			buildActionMask = 2147483647;
			files = (
				E6FFAD1A1E3689B900953EF0 /* SignInViewController.swift in Sources */,
				E6D0BC661FAC0BB400783171 /* TextEditViewController.swift in Sources */,
				CBD15DC31F8FFC9800CF6164 /* UIImage+ext.swift in Sources */,
				CBACB0FB1EE1050D00F394FB /* UserProfileViewController.swift in Sources */,
				CBAB5D9E1F8829F300F7761E /* HomeScreenCollectionViewCell.swift in Sources */,
				E6FFAD181E3689B900953EF0 /* AppDelegate.swift in Sources */,
				CBB348B51EDF9EF200D491A6 /* SignUpViewController.swift in Sources */,
				CBB680781EA8260D0078A6C9 /* CameraViewController.swift in Sources */,
				CBAB5D9B1F8827BB00F7761E /* HomeScreenViewController.swift in Sources */,
			);
			runOnlyForDeploymentPostprocessing = 0;
		};
		E6FFAD241E3689B900953EF0 /* Sources */ = {
			isa = PBXSourcesBuildPhase;
			buildActionMask = 2147483647;
			files = (
				E6FFAD2D1E3689B900953EF0 /* WritingReaderTests.swift in Sources */,
			);
			runOnlyForDeploymentPostprocessing = 0;
		};
		E6FFAD2F1E3689B900953EF0 /* Sources */ = {
			isa = PBXSourcesBuildPhase;
			buildActionMask = 2147483647;
			files = (
				E6FFAD381E3689B900953EF0 /* WritingReaderUITests.swift in Sources */,
			);
			runOnlyForDeploymentPostprocessing = 0;
		};
/* End PBXSourcesBuildPhase section */

/* Begin PBXTargetDependency section */
		E6FFAD2A1E3689B900953EF0 /* PBXTargetDependency */ = {
			isa = PBXTargetDependency;
			target = E6FFAD131E3689B900953EF0 /* WritingReader */;
			targetProxy = E6FFAD291E3689B900953EF0 /* PBXContainerItemProxy */;
		};
		E6FFAD351E3689B900953EF0 /* PBXTargetDependency */ = {
			isa = PBXTargetDependency;
			target = E6FFAD131E3689B900953EF0 /* WritingReader */;
			targetProxy = E6FFAD341E3689B900953EF0 /* PBXContainerItemProxy */;
		};
/* End PBXTargetDependency section */

/* Begin PBXVariantGroup section */
		E6FFAD1B1E3689B900953EF0 /* Main.storyboard */ = {
			isa = PBXVariantGroup;
			children = (
				E6FFAD1C1E3689B900953EF0 /* Base */,
			);
			name = Main.storyboard;
			sourceTree = "<group>";
		};
		E6FFAD201E3689B900953EF0 /* LaunchScreen.storyboard */ = {
			isa = PBXVariantGroup;
			children = (
				E6FFAD211E3689B900953EF0 /* Base */,
			);
			name = LaunchScreen.storyboard;
			sourceTree = "<group>";
		};
/* End PBXVariantGroup section */

/* Begin XCBuildConfiguration section */
		E6FFAD3A1E3689B900953EF0 /* Debug */ = {
			isa = XCBuildConfiguration;
			buildSettings = {
				ALWAYS_SEARCH_USER_PATHS = NO;
				CLANG_ANALYZER_NONNULL = YES;
				CLANG_CXX_LANGUAGE_STANDARD = "gnu++0x";
				CLANG_CXX_LIBRARY = "libc++";
				CLANG_ENABLE_MODULES = YES;
				CLANG_ENABLE_OBJC_ARC = YES;
				CLANG_WARN_BOOL_CONVERSION = YES;
				CLANG_WARN_CONSTANT_CONVERSION = YES;
				CLANG_WARN_DIRECT_OBJC_ISA_USAGE = YES_ERROR;
				CLANG_WARN_DOCUMENTATION_COMMENTS = YES;
				CLANG_WARN_EMPTY_BODY = YES;
				CLANG_WARN_ENUM_CONVERSION = YES;
				CLANG_WARN_INFINITE_RECURSION = YES;
				CLANG_WARN_INT_CONVERSION = YES;
				CLANG_WARN_OBJC_ROOT_CLASS = YES_ERROR;
				CLANG_WARN_SUSPICIOUS_MOVE = YES;
				CLANG_WARN_SUSPICIOUS_MOVES = YES;
				CLANG_WARN_UNREACHABLE_CODE = YES;
				CLANG_WARN__DUPLICATE_METHOD_MATCH = YES;
				"CODE_SIGN_IDENTITY[sdk=iphoneos*]" = "iPhone Developer";
				COPY_PHASE_STRIP = NO;
				DEBUG_INFORMATION_FORMAT = dwarf;
				ENABLE_STRICT_OBJC_MSGSEND = YES;
				ENABLE_TESTABILITY = YES;
				GCC_C_LANGUAGE_STANDARD = gnu99;
				GCC_DYNAMIC_NO_PIC = NO;
				GCC_NO_COMMON_BLOCKS = YES;
				GCC_OPTIMIZATION_LEVEL = 0;
				GCC_PREPROCESSOR_DEFINITIONS = (
					"DEBUG=1",
					"$(inherited)",
				);
				GCC_WARN_64_TO_32_BIT_CONVERSION = YES;
				GCC_WARN_ABOUT_RETURN_TYPE = YES_ERROR;
				GCC_WARN_UNDECLARED_SELECTOR = YES;
				GCC_WARN_UNINITIALIZED_AUTOS = YES_AGGRESSIVE;
				GCC_WARN_UNUSED_FUNCTION = YES;
				GCC_WARN_UNUSED_VARIABLE = YES;
				IPHONEOS_DEPLOYMENT_TARGET = 10.0;
				MTL_ENABLE_DEBUG_INFO = YES;
				ONLY_ACTIVE_ARCH = YES;
				SDKROOT = iphoneos;
				SWIFT_ACTIVE_COMPILATION_CONDITIONS = DEBUG;
				SWIFT_OPTIMIZATION_LEVEL = "-Onone";
			};
			name = Debug;
		};
		E6FFAD3B1E3689B900953EF0 /* Release */ = {
			isa = XCBuildConfiguration;
			buildSettings = {
				ALWAYS_SEARCH_USER_PATHS = NO;
				CLANG_ANALYZER_NONNULL = YES;
				CLANG_CXX_LANGUAGE_STANDARD = "gnu++0x";
				CLANG_CXX_LIBRARY = "libc++";
				CLANG_ENABLE_MODULES = YES;
				CLANG_ENABLE_OBJC_ARC = YES;
				CLANG_WARN_BOOL_CONVERSION = YES;
				CLANG_WARN_CONSTANT_CONVERSION = YES;
				CLANG_WARN_DIRECT_OBJC_ISA_USAGE = YES_ERROR;
				CLANG_WARN_DOCUMENTATION_COMMENTS = YES;
				CLANG_WARN_EMPTY_BODY = YES;
				CLANG_WARN_ENUM_CONVERSION = YES;
				CLANG_WARN_INFINITE_RECURSION = YES;
				CLANG_WARN_INT_CONVERSION = YES;
				CLANG_WARN_OBJC_ROOT_CLASS = YES_ERROR;
				CLANG_WARN_SUSPICIOUS_MOVE = YES;
				CLANG_WARN_SUSPICIOUS_MOVES = YES;
				CLANG_WARN_UNREACHABLE_CODE = YES;
				CLANG_WARN__DUPLICATE_METHOD_MATCH = YES;
				"CODE_SIGN_IDENTITY[sdk=iphoneos*]" = "iPhone Developer";
				COPY_PHASE_STRIP = NO;
				DEBUG_INFORMATION_FORMAT = "dwarf-with-dsym";
				ENABLE_NS_ASSERTIONS = NO;
				ENABLE_STRICT_OBJC_MSGSEND = YES;
				GCC_C_LANGUAGE_STANDARD = gnu99;
				GCC_NO_COMMON_BLOCKS = YES;
				GCC_WARN_64_TO_32_BIT_CONVERSION = YES;
				GCC_WARN_ABOUT_RETURN_TYPE = YES_ERROR;
				GCC_WARN_UNDECLARED_SELECTOR = YES;
				GCC_WARN_UNINITIALIZED_AUTOS = YES_AGGRESSIVE;
				GCC_WARN_UNUSED_FUNCTION = YES;
				GCC_WARN_UNUSED_VARIABLE = YES;
				IPHONEOS_DEPLOYMENT_TARGET = 10.0;
				MTL_ENABLE_DEBUG_INFO = NO;
				SDKROOT = iphoneos;
				SWIFT_OPTIMIZATION_LEVEL = "-Owholemodule";
				VALIDATE_PRODUCT = YES;
			};
			name = Release;
		};
		E6FFAD3D1E3689B900953EF0 /* Debug */ = {
			isa = XCBuildConfiguration;
			baseConfigurationReference = B5D156CFEE7710FC1A05BD4E /* Pods-WritingReader.debug.xcconfig */;
			buildSettings = {
				ASSETCATALOG_COMPILER_APPICON_NAME = AppIcon;
				DEVELOPMENT_TEAM = F7VAV7GQ54;
				INFOPLIST_FILE = WritingReader/Info.plist;
				LD_RUNPATH_SEARCH_PATHS = "$(inherited) @executable_path/Frameworks";
				PRODUCT_BUNDLE_IDENTIFIER = HP.WritingReader;
				PRODUCT_NAME = "$(TARGET_NAME)";
				SWIFT_VERSION = 3.0;
			};
			name = Debug;
		};
		E6FFAD3E1E3689B900953EF0 /* Release */ = {
			isa = XCBuildConfiguration;
			baseConfigurationReference = 70DC9924A67F58A9B5710B34 /* Pods-WritingReader.release.xcconfig */;
			buildSettings = {
				ASSETCATALOG_COMPILER_APPICON_NAME = AppIcon;
				DEVELOPMENT_TEAM = F7VAV7GQ54;
				INFOPLIST_FILE = WritingReader/Info.plist;
				LD_RUNPATH_SEARCH_PATHS = "$(inherited) @executable_path/Frameworks";
				PRODUCT_BUNDLE_IDENTIFIER = HP.WritingReader;
				PRODUCT_NAME = "$(TARGET_NAME)";
				SWIFT_VERSION = 3.0;
			};
			name = Release;
		};
		E6FFAD401E3689B900953EF0 /* Debug */ = {
			isa = XCBuildConfiguration;
			baseConfigurationReference = 91A1B9ADDF8EB27FF5D0A723 /* Pods-WritingReaderTests.debug.xcconfig */;
			buildSettings = {
				ALWAYS_EMBED_SWIFT_STANDARD_LIBRARIES = YES;
				BUNDLE_LOADER = "$(TEST_HOST)";
				DEVELOPMENT_TEAM = 7BHCDJ55EZ;
				INFOPLIST_FILE = WritingReaderTests/Info.plist;
				LD_RUNPATH_SEARCH_PATHS = "$(inherited) @executable_path/Frameworks @loader_path/Frameworks";
				PRODUCT_BUNDLE_IDENTIFIER = HP.WritingReaderTests;
				PRODUCT_NAME = "$(TARGET_NAME)";
				SWIFT_VERSION = 3.0;
				TEST_HOST = "$(BUILT_PRODUCTS_DIR)/WritingReader.app/WritingReader";
			};
			name = Debug;
		};
		E6FFAD411E3689B900953EF0 /* Release */ = {
			isa = XCBuildConfiguration;
			baseConfigurationReference = C741BF088E04625820DBC7DA /* Pods-WritingReaderTests.release.xcconfig */;
			buildSettings = {
				ALWAYS_EMBED_SWIFT_STANDARD_LIBRARIES = YES;
				BUNDLE_LOADER = "$(TEST_HOST)";
				DEVELOPMENT_TEAM = 7BHCDJ55EZ;
				INFOPLIST_FILE = WritingReaderTests/Info.plist;
				LD_RUNPATH_SEARCH_PATHS = "$(inherited) @executable_path/Frameworks @loader_path/Frameworks";
				PRODUCT_BUNDLE_IDENTIFIER = HP.WritingReaderTests;
				PRODUCT_NAME = "$(TARGET_NAME)";
				SWIFT_VERSION = 3.0;
				TEST_HOST = "$(BUILT_PRODUCTS_DIR)/WritingReader.app/WritingReader";
			};
			name = Release;
		};
		E6FFAD431E3689B900953EF0 /* Debug */ = {
			isa = XCBuildConfiguration;
			baseConfigurationReference = DEAB42E3BA2CA110B6156055 /* Pods-WritingReaderUITests.debug.xcconfig */;
			buildSettings = {
				ALWAYS_EMBED_SWIFT_STANDARD_LIBRARIES = YES;
				DEVELOPMENT_TEAM = 7BHCDJ55EZ;
				INFOPLIST_FILE = WritingReaderUITests/Info.plist;
				LD_RUNPATH_SEARCH_PATHS = "$(inherited) @executable_path/Frameworks @loader_path/Frameworks";
				PRODUCT_BUNDLE_IDENTIFIER = HP.WritingReaderUITests;
				PRODUCT_NAME = "$(TARGET_NAME)";
				SWIFT_VERSION = 3.0;
				TEST_TARGET_NAME = WritingReader;
			};
			name = Debug;
		};
		E6FFAD441E3689B900953EF0 /* Release */ = {
			isa = XCBuildConfiguration;
			baseConfigurationReference = 0DFB327029DA9EF295DE413E /* Pods-WritingReaderUITests.release.xcconfig */;
			buildSettings = {
				ALWAYS_EMBED_SWIFT_STANDARD_LIBRARIES = YES;
				DEVELOPMENT_TEAM = 7BHCDJ55EZ;
				INFOPLIST_FILE = WritingReaderUITests/Info.plist;
				LD_RUNPATH_SEARCH_PATHS = "$(inherited) @executable_path/Frameworks @loader_path/Frameworks";
				PRODUCT_BUNDLE_IDENTIFIER = HP.WritingReaderUITests;
				PRODUCT_NAME = "$(TARGET_NAME)";
				SWIFT_VERSION = 3.0;
				TEST_TARGET_NAME = WritingReader;
			};
			name = Release;
		};
/* End XCBuildConfiguration section */

/* Begin XCConfigurationList section */
		E6FFAD0F1E3689B900953EF0 /* Build configuration list for PBXProject "WritingReader" */ = {
			isa = XCConfigurationList;
			buildConfigurations = (
				E6FFAD3A1E3689B900953EF0 /* Debug */,
				E6FFAD3B1E3689B900953EF0 /* Release */,
			);
			defaultConfigurationIsVisible = 0;
			defaultConfigurationName = Release;
		};
		E6FFAD3C1E3689B900953EF0 /* Build configuration list for PBXNativeTarget "WritingReader" */ = {
			isa = XCConfigurationList;
			buildConfigurations = (
				E6FFAD3D1E3689B900953EF0 /* Debug */,
				E6FFAD3E1E3689B900953EF0 /* Release */,
			);
			defaultConfigurationIsVisible = 0;
			defaultConfigurationName = Release;
		};
		E6FFAD3F1E3689B900953EF0 /* Build configuration list for PBXNativeTarget "WritingReaderTests" */ = {
			isa = XCConfigurationList;
			buildConfigurations = (
				E6FFAD401E3689B900953EF0 /* Debug */,
				E6FFAD411E3689B900953EF0 /* Release */,
			);
			defaultConfigurationIsVisible = 0;
			defaultConfigurationName = Release;
		};
		E6FFAD421E3689B900953EF0 /* Build configuration list for PBXNativeTarget "WritingReaderUITests" */ = {
			isa = XCConfigurationList;
			buildConfigurations = (
				E6FFAD431E3689B900953EF0 /* Debug */,
				E6FFAD441E3689B900953EF0 /* Release */,
			);
			defaultConfigurationIsVisible = 0;
			defaultConfigurationName = Release;
		};
/* End XCConfigurationList section */
	};
	rootObject = E6FFAD0C1E3689B900953EF0 /* Project object */;
}
